
Microsoft Visual Studio Solution File, Format Version 12.00
# Visual Studio 15
VisualStudioVersion = 15.0.27428.2015
MinimumVisualStudioVersion = 10.0.40219.1
Project("{FAE04EC0-301F-11D3-BF4B-00C04F79EFBC}") = "Simpl_XSLT_dot_net", "Simpl_XSLT_dot_net\Simpl_XSLT_dot_net.csproj", "{DC64B7D7-20FC-468D-B3BC-96E17487FE76}"
EndProject
Global
	GlobalSection(SolutionConfigurationPlatforms) = preSolution
		Debug|Any CPU = Debug|Any CPU
		Release|Any CPU = Release|Any CPU
	EndGlobalSection
	GlobalSection(ProjectConfigurationPlatforms) = postSolution
		{DC64B7D7-20FC-468D-B3BC-96E17487FE76}.Debug|Any CPU.ActiveCfg = Debug|Any CPU
		{DC64B7D7-20FC-468D-B3BC-96E17487FE76}.Debug|Any CPU.Build.0 = Debug|Any CPU
		{DC64B7D7-20FC-468D-B3BC-96E17487FE76}.Release|Any CPU.ActiveCfg = Release|Any CPU
		{DC64B7D7-20FC-468D-B3BC-96E17487FE76}.Release|Any CPU.Build.0 = Release|Any CPU
	EndGlobalSection
	GlobalSection(SolutionProperties) = preSolution
		HideSolutionNode = FALSE
	EndGlobalSection
	GlobalSection(ExtensibilityGlobals) = postSolution
		SolutionGuid = {78A87F37-ED8F-473F-B821-7A1F59DB19DE}
	EndGlobalSection
EndGlobal
